
Microsoft Visual Studio Solution File, Format Version 12.00
# Visual Studio Version 17
VisualStudioVersion = 17.10.34916.146
MinimumVisualStudioVersion = 10.0.40219.1
Project("{FAE04EC0-301F-11D3-BF4B-00C04F79EFBC}") = "Server", "Server\Server.csproj", "{EEF333D1-615F-44D8-836D-7F687902CF9A}"
EndProject
Global
	GlobalSection(SolutionConfigurationPlatforms) = preSolution
		Debug|Any CPU = Debug|Any CPU
		Release|Any CPU = Release|Any CPU
	EndGlobalSection
	GlobalSection(ProjectConfigurationPlatforms) = postSolution
		{EEF333D1-615F-44D8-836D-7F687902CF9A}.Debug|Any CPU.ActiveCfg = Debug|Any CPU
		{EEF333D1-615F-44D8-836D-7F687902CF9A}.Debug|Any CPU.Build.0 = Debug|Any CPU
		{EEF333D1-615F-44D8-836D-7F687902CF9A}.Release|Any CPU.ActiveCfg = Release|Any CPU
		{EEF333D1-615F-44D8-836D-7F687902CF9A}.Release|Any CPU.Build.0 = Release|Any CPU
	EndGlobalSection
	GlobalSection(SolutionProperties) = preSolution
		HideSolutionNode = FALSE
	EndGlobalSection
	GlobalSection(ExtensibilityGlobals) = postSolution
		SolutionGuid = {B5A8DF84-C5C5-4BAE-AF9C-2C14CEA817EF}
	EndGlobalSection
EndGlobal
